// !$*UTF8*$!
{
	archiveVersion = 1;
	classes = {
	};
	objectVersion = 46;
	objects = {

/* Begin PBXBuildFile section */
		0DB909481B9C7FF4008D5077 /* main.m in Sources */ = {isa = PBXBuildFile; fileRef = 0DB909471B9C7FF4008D5077 /* main.m */; };
		0DB9094B1B9C7FF4008D5077 /* AppDelegate.m in Sources */ = {isa = PBXBuildFile; fileRef = 0DB9094A1B9C7FF4008D5077 /* AppDelegate.m */; };
		0DB9094E1B9C7FF4008D5077 /* FirstViewController.m in Sources */ = {isa = PBXBuildFile; fileRef = 0DB9094D1B9C7FF4008D5077 /* FirstViewController.m */; };
		0DB909511B9C7FF4008D5077 /* SecondViewController.m in Sources */ = {isa = PBXBuildFile; fileRef = 0DB909501B9C7FF4008D5077 /* SecondViewController.m */; };
		0DB909541B9C7FF4008D5077 /* Main.storyboard in Resources */ = {isa = PBXBuildFile; fileRef = 0DB909521B9C7FF4008D5077 /* Main.storyboard */; };
		0DB909561B9C7FF4008D5077 /* Images.xcassets in Resources */ = {isa = PBXBuildFile; fileRef = 0DB909551B9C7FF4008D5077 /* Images.xcassets */; };
		0DB909591B9C7FF4008D5077 /* LaunchScreen.xib in Resources */ = {isa = PBXBuildFile; fileRef = 0DB909571B9C7FF4008D5077 /* LaunchScreen.xib */; };
		0DB909651B9C7FF4008D5077 /* WilsonCalorTests.m in Sources */ = {isa = PBXBuildFile; fileRef = 0DB909641B9C7FF4008D5077 /* WilsonCalorTests.m */; };
/* End PBXBuildFile section */

/* Begin PBXContainerItemProxy section */
		0DB9095F1B9C7FF4008D5077 /* PBXContainerItemProxy */ = {
			isa = PBXContainerItemProxy;
			containerPortal = 0DB9093A1B9C7FF4008D5077 /* Project object */;
			proxyType = 1;
			remoteGlobalIDString = 0DB909411B9C7FF4008D5077;
			remoteInfo = WilsonCalor;
		};
/* End PBXContainerItemProxy section */

/* Begin PBXFileReference section */
		0DB909421B9C7FF4008D5077 /* WilsonCalor.app */ = {isa = PBXFileReference; explicitFileType = wrapper.application; includeInIndex = 0; path = WilsonCalor.app; sourceTree = BUILT_PRODUCTS_DIR; };
		0DB909461B9C7FF4008D5077 /* Info.plist */ = {isa = PBXFileReference; lastKnownFileType = text.plist.xml; path = Info.plist; sourceTree = "<group>"; };
		0DB909471B9C7FF4008D5077 /* main.m */ = {isa = PBXFileReference; lastKnownFileType = sourcecode.c.objc; path = main.m; sourceTree = "<group>"; };
		0DB909491B9C7FF4008D5077 /* AppDelegate.h */ = {isa = PBXFileReference; lastKnownFileType = sourcecode.c.h; path = AppDelegate.h; sourceTree = "<group>"; };
		0DB9094A1B9C7FF4008D5077 /* AppDelegate.m */ = {isa = PBXFileReference; lastKnownFileType = sourcecode.c.objc; path = AppDelegate.m; sourceTree = "<group>"; };
		0DB9094C1B9C7FF4008D5077 /* FirstViewController.h */ = {isa = PBXFileReference; lastKnownFileType = sourcecode.c.h; path = FirstViewController.h; sourceTree = "<group>"; };
		0DB9094D1B9C7FF4008D5077 /* FirstViewController.m */ = {isa = PBXFileReference; lastKnownFileType = sourcecode.c.objc; path = FirstViewController.m; sourceTree = "<group>"; };
		0DB9094F1B9C7FF4008D5077 /* SecondViewController.h */ = {isa = PBXFileReference; lastKnownFileType = sourcecode.c.h; path = SecondViewController.h; sourceTree = "<group>"; };
		0DB909501B9C7FF4008D5077 /* SecondViewController.m */ = {isa = PBXFileReference; lastKnownFileType = sourcecode.c.objc; path = SecondViewController.m; sourceTree = "<group>"; };
		0DB909531B9C7FF4008D5077 /* Base */ = {isa = PBXFileReference; lastKnownFileType = file.storyboard; name = Base; path = Base.lproj/Main.storyboard; sourceTree = "<group>"; };
		0DB909551B9C7FF4008D5077 /* Images.xcassets */ = {isa = PBXFileReference; lastKnownFileType = folder.assetcatalog; path = Images.xcassets; sourceTree = "<group>"; };
		0DB909581B9C7FF4008D5077 /* Base */ = {isa = PBXFileReference; lastKnownFileType = file.xib; name = Base; path = Base.lproj/LaunchScreen.xib; sourceTree = "<group>"; };
		0DB9095E1B9C7FF4008D5077 /* WilsonCalorTests.xctest */ = {isa = PBXFileReference; explicitFileType = wrapper.cfbundle; includeInIndex = 0; path = WilsonCalorTests.xctest; sourceTree = BUILT_PRODUCTS_DIR; };
		0DB909631B9C7FF4008D5077 /* Info.plist */ = {isa = PBXFileReference; lastKnownFileType = text.plist.xml; path = Info.plist; sourceTree = "<group>"; };
		0DB909641B9C7FF4008D5077 /* WilsonCalorTests.m */ = {isa = PBXFileReference; lastKnownFileType = sourcecode.c.objc; path = WilsonCalorTests.m; sourceTree = "<group>"; };
/* End PBXFileReference section */

/* Begin PBXFrameworksBuildPhase section */
		0DB9093F1B9C7FF4008D5077 /* Frameworks */ = {
			isa = PBXFrameworksBuildPhase;
			buildActionMask = 2147483647;
			files = (
			);
			runOnlyForDeploymentPostprocessing = 0;
		};
		0DB9095B1B9C7FF4008D5077 /* Frameworks */ = {
			isa = PBXFrameworksBuildPhase;
			buildActionMask = 2147483647;
			files = (
			);
			runOnlyForDeploymentPostprocessing = 0;
		};
/* End PBXFrameworksBuildPhase section */

/* Begin PBXGroup section */
		0DB909391B9C7FF4008D5077 = {
			isa = PBXGroup;
			children = (
				0DB909441B9C7FF4008D5077 /* WilsonCalor */,
				0DB909611B9C7FF4008D5077 /* WilsonCalorTests */,
				0DB909431B9C7FF4008D5077 /* Products */,
			);
			sourceTree = "<group>";
		};
		0DB909431B9C7FF4008D5077 /* Products */ = {
			isa = PBXGroup;
			children = (
				0DB909421B9C7FF4008D5077 /* WilsonCalor.app */,
				0DB9095E1B9C7FF4008D5077 /* WilsonCalorTests.xctest */,
			);
			name = Products;
			sourceTree = "<group>";
		};
		0DB909441B9C7FF4008D5077 /* WilsonCalor */ = {
			isa = PBXGroup;
			children = (
				0DB909491B9C7FF4008D5077 /* AppDelegate.h */,
				0DB9094A1B9C7FF4008D5077 /* AppDelegate.m */,
				0DB9094C1B9C7FF4008D5077 /* FirstViewController.h */,
				0DB9094D1B9C7FF4008D5077 /* FirstViewController.m */,
				0DB9094F1B9C7FF4008D5077 /* SecondViewController.h */,
				0DB909501B9C7FF4008D5077 /* SecondViewController.m */,
				0DB909521B9C7FF4008D5077 /* Main.storyboard */,
				0DB909551B9C7FF4008D5077 /* Images.xcassets */,
				0DB909571B9C7FF4008D5077 /* LaunchScreen.xib */,
				0DB909451B9C7FF4008D5077 /* Supporting Files */,
			);
			path = WilsonCalor;
			sourceTree = "<group>";
		};
		0DB909451B9C7FF4008D5077 /* Supporting Files */ = {
			isa = PBXGroup;
			children = (
				0DB909461B9C7FF4008D5077 /* Info.plist */,
				0DB909471B9C7FF4008D5077 /* main.m */,
			);
			name = "Supporting Files";
			sourceTree = "<group>";
		};
		0DB909611B9C7FF4008D5077 /* WilsonCalorTests */ = {
			isa = PBXGroup;
			children = (
				0DB909641B9C7FF4008D5077 /* WilsonCalorTests.m */,
				0DB909621B9C7FF4008D5077 /* Supporting Files */,
			);
			path = WilsonCalorTests;
			sourceTree = "<group>";
		};
		0DB909621B9C7FF4008D5077 /* Supporting Files */ = {
			isa = PBXGroup;
			children = (
				0DB909631B9C7FF4008D5077 /* Info.plist */,
			);
			name = "Supporting Files";
			sourceTree = "<group>";
		};
/* End PBXGroup section */

/* Begin PBXNativeTarget section */
		0DB909411B9C7FF4008D5077 /* WilsonCalor */ = {
			isa = PBXNativeTarget;
			buildConfigurationList = 0DB909681B9C7FF4008D5077 /* Build configuration list for PBXNativeTarget "WilsonCalor" */;
			buildPhases = (
				0DB9093E1B9C7FF4008D5077 /* Sources */,
				0DB9093F1B9C7FF4008D5077 /* Frameworks */,
				0DB909401B9C7FF4008D5077 /* Resources */,
			);
			buildRules = (
			);
			dependencies = (
			);
			name = WilsonCalor;
			productName = WilsonCalor;
			productReference = 0DB909421B9C7FF4008D5077 /* WilsonCalor.app */;
			productType = "com.apple.product-type.application";
		};
		0DB9095D1B9C7FF4008D5077 /* WilsonCalorTests */ = {
			isa = PBXNativeTarget;
			buildConfigurationList = 0DB9096B1B9C7FF4008D5077 /* Build configuration list for PBXNativeTarget "WilsonCalorTests" */;
			buildPhases = (
				0DB9095A1B9C7FF4008D5077 /* Sources */,
				0DB9095B1B9C7FF4008D5077 /* Frameworks */,
				0DB9095C1B9C7FF4008D5077 /* Resources */,
			);
			buildRules = (
			);
			dependencies = (
				0DB909601B9C7FF4008D5077 /* PBXTargetDependency */,
			);
			name = WilsonCalorTests;
			productName = WilsonCalorTests;
			productReference = 0DB9095E1B9C7FF4008D5077 /* WilsonCalorTests.xctest */;
			productType = "com.apple.product-type.bundle.unit-test";
		};
/* End PBXNativeTarget section */

/* Begin PBXProject section */
		0DB9093A1B9C7FF4008D5077 /* Project object */ = {
			isa = PBXProject;
			attributes = {
				LastUpgradeCheck = 0640;
				ORGANIZATIONNAME = "Fincher Justin";
				TargetAttributes = {
					0DB909411B9C7FF4008D5077 = {
						CreatedOnToolsVersion = 6.4;
					};
					0DB9095D1B9C7FF4008D5077 = {
						CreatedOnToolsVersion = 6.4;
						TestTargetID = 0DB909411B9C7FF4008D5077;
					};
				};
			};
			buildConfigurationList = 0DB9093D1B9C7FF4008D5077 /* Build configuration list for PBXProject "WilsonCalor" */;
			compatibilityVersion = "Xcode 3.2";
			developmentRegion = English;
			hasScannedForEncodings = 0;
			knownRegions = (
				en,
				Base,
			);
			mainGroup = 0DB909391B9C7FF4008D5077;
			productRefGroup = 0DB909431B9C7FF4008D5077 /* Products */;
			projectDirPath = "";
			projectRoot = "";
			targets = (
				0DB909411B9C7FF4008D5077 /* WilsonCalor */,
				0DB9095D1B9C7FF4008D5077 /* WilsonCalorTests */,
			);
		};
/* End PBXProject section */

/* Begin PBXResourcesBuildPhase section */
		0DB909401B9C7FF4008D5077 /* Resources */ = {
			isa = PBXResourcesBuildPhase;
			buildActionMask = 2147483647;
			files = (
				0DB909541B9C7FF4008D5077 /* Main.storyboard in Resources */,
				0DB909591B9C7FF4008D5077 /* LaunchScreen.xib in Resources */,
				0DB909561B9C7FF4008D5077 /* Images.xcassets in Resources */,
			);
			runOnlyForDeploymentPostprocessing = 0;
		};
		0DB9095C1B9C7FF4008D5077 /* Resources */ = {
			isa = PBXResourcesBuildPhase;
			buildActionMask = 2147483647;
			files = (
			);
			runOnlyForDeploymentPostprocessing = 0;
		};
/* End PBXResourcesBuildPhase section */

/* Begin PBXSourcesBuildPhase section */
		0DB9093E1B9C7FF4008D5077 /* Sources */ = {
			isa = PBXSourcesBuildPhase;
			buildActionMask = 2147483647;
			files = (
				0DB909511B9C7FF4008D5077 /* SecondViewController.m in Sources */,
				0DB9094B1B9C7FF4008D5077 /* AppDelegate.m in Sources */,
				0DB9094E1B9C7FF4008D5077 /* FirstViewController.m in Sources */,
				0DB909481B9C7FF4008D5077 /* main.m in Sources */,
			);
			runOnlyForDeploymentPostprocessing = 0;
		};
		0DB9095A1B9C7FF4008D5077 /* Sources */ = {
			isa = PBXSourcesBuildPhase;
			buildActionMask = 2147483647;
			files = (
				0DB909651B9C7FF4008D5077 /* WilsonCalorTests.m in Sources */,
			);
			runOnlyForDeploymentPostprocessing = 0;
		};
/* End PBXSourcesBuildPhase section */

/* Begin PBXTargetDependency section */
		0DB909601B9C7FF4008D5077 /* PBXTargetDependency */ = {
			isa = PBXTargetDependency;
			target = 0DB909411B9C7FF4008D5077 /* WilsonCalor */;
			targetProxy = 0DB9095F1B9C7FF4008D5077 /* PBXContainerItemProxy */;
		};
/* End PBXTargetDependency section */

/* Begin PBXVariantGroup section */
		0DB909521B9C7FF4008D5077 /* Main.storyboard */ = {
			isa = PBXVariantGroup;
			children = (
				0DB909531B9C7FF4008D5077 /* Base */,
			);
			name = Main.storyboard;
			sourceTree = "<group>";
		};
		0DB909571B9C7FF4008D5077 /* LaunchScreen.xib */ = {
			isa = PBXVariantGroup;
			children = (
				0DB909581B9C7FF4008D5077 /* Base */,
			);
			name = LaunchScreen.xib;
			sourceTree = "<group>";
		};
/* End PBXVariantGroup section */

/* Begin XCBuildConfiguration section */
		0DB909661B9C7FF4008D5077 /* Debug */ = {
			isa = XCBuildConfiguration;
			buildSettings = {
				ALWAYS_SEARCH_USER_PATHS = NO;
				CLANG_CXX_LANGUAGE_STANDARD = "gnu++0x";
				CLANG_CXX_LIBRARY = "libc++";
				CLANG_ENABLE_MODULES = YES;
				CLANG_ENABLE_OBJC_ARC = YES;
				CLANG_WARN_BOOL_CONVERSION = YES;
				CLANG_WARN_CONSTANT_CONVERSION = YES;
				CLANG_WARN_DIRECT_OBJC_ISA_USAGE = YES_ERROR;
				CLANG_WARN_EMPTY_BODY = YES;
				CLANG_WARN_ENUM_CONVERSION = YES;
				CLANG_WARN_INT_CONVERSION = YES;
				CLANG_WARN_OBJC_ROOT_CLASS = YES_ERROR;
				CLANG_WARN_UNREACHABLE_CODE = YES;
				CLANG_WARN__DUPLICATE_METHOD_MATCH = YES;
				"CODE_SIGN_IDENTITY[sdk=iphoneos*]" = "iPhone Developer";
				COPY_PHASE_STRIP = NO;
				DEBUG_INFORMATION_FORMAT = "dwarf-with-dsym";
				ENABLE_STRICT_OBJC_MSGSEND = YES;
				GCC_C_LANGUAGE_STANDARD = gnu99;
				GCC_DYNAMIC_NO_PIC = NO;
				GCC_NO_COMMON_BLOCKS = YES;
				GCC_OPTIMIZATION_LEVEL = 0;
				GCC_PREPROCESSOR_DEFINITIONS = (
					"DEBUG=1",
					"$(inherited)",
				);
				GCC_SYMBOLS_PRIVATE_EXTERN = NO;
				GCC_WARN_64_TO_32_BIT_CONVERSION = YES;
				GCC_WARN_ABOUT_RETURN_TYPE = YES_ERROR;
				GCC_WARN_UNDECLARED_SELECTOR = YES;
				GCC_WARN_UNINITIALIZED_AUTOS = YES_AGGRESSIVE;
				GCC_WARN_UNUSED_FUNCTION = YES;
				GCC_WARN_UNUSED_VARIABLE = YES;
				IPHONEOS_DEPLOYMENT_TARGET = 8.4;
				MTL_ENABLE_DEBUG_INFO = YES;
				ONLY_ACTIVE_ARCH = YES;
				SDKROOT = iphoneos;
				TARGETED_DEVICE_FAMILY = "1,2";
			};
			name = Debug;
		};
		0DB909671B9C7FF4008D5077 /* Release */ = {
			isa = XCBuildConfiguration;
			buildSettings = {
				ALWAYS_SEARCH_USER_PATHS = NO;
				CLANG_CXX_LANGUAGE_STANDARD = "gnu++0x";
				CLANG_CXX_LIBRARY = "libc++";
				CLANG_ENABLE_MODULES = YES;
				CLANG_ENABLE_OBJC_ARC = YES;
				CLANG_WARN_BOOL_CONVERSION = YES;
				CLANG_WARN_CONSTANT_CONVERSION = YES;
				CLANG_WARN_DIRECT_OBJC_ISA_USAGE = YES_ERROR;
				CLANG_WARN_EMPTY_BODY = YES;
				CLANG_WARN_ENUM_CONVERSION = YES;
				CLANG_WARN_INT_CONVERSION = YES;
				CLANG_WARN_OBJC_ROOT_CLASS = YES_ERROR;
				CLANG_WARN_UNREACHABLE_CODE = YES;
				CLANG_WARN__DUPLICATE_METHOD_MATCH = YES;
				"CODE_SIGN_IDENTITY[sdk=iphoneos*]" = "iPhone Developer";
				COPY_PHASE_STRIP = NO;
				DEBUG_INFORMATION_FORMAT = "dwarf-with-dsym";
				ENABLE_NS_ASSERTIONS = NO;
				ENABLE_STRICT_OBJC_MSGSEND = YES;
				GCC_C_LANGUAGE_STANDARD = gnu99;
				GCC_NO_COMMON_BLOCKS = YES;
				GCC_WARN_64_TO_32_BIT_CONVERSION = YES;
				GCC_WARN_ABOUT_RETURN_TYPE = YES_ERROR;
				GCC_WARN_UNDECLARED_SELECTOR = YES;
				GCC_WARN_UNINITIALIZED_AUTOS = YES_AGGRESSIVE;
				GCC_WARN_UNUSED_FUNCTION = YES;
				GCC_WARN_UNUSED_VARIABLE = YES;
				IPHONEOS_DEPLOYMENT_TARGET = 8.4;
				MTL_ENABLE_DEBUG_INFO = NO;
				SDKROOT = iphoneos;
				TARGETED_DEVICE_FAMILY = "1,2";
				VALIDATE_PRODUCT = YES;
			};
			name = Release;
		};
		0DB909691B9C7FF4008D5077 /* Debug */ = {
			isa = XCBuildConfiguration;
			buildSettings = {
				ASSETCATALOG_COMPILER_APPICON_NAME = AppIcon;
				INFOPLIST_FILE = WilsonCalor/Info.plist;
				IPHONEOS_DEPLOYMENT_TARGET = 8.4;
				LD_RUNPATH_SEARCH_PATHS = "$(inherited) @executable_path/Frameworks";
				PRODUCT_NAME = "$(TARGET_NAME)";
			};
			name = Debug;
		};
		0DB9096A1B9C7FF4008D5077 /* Release */ = {
			isa = XCBuildConfiguration;
			buildSettings = {
				ASSETCATALOG_COMPILER_APPICON_NAME = AppIcon;
				INFOPLIST_FILE = WilsonCalor/Info.plist;
				IPHONEOS_DEPLOYMENT_TARGET = 8.4;
				LD_RUNPATH_SEARCH_PATHS = "$(inherited) @executable_path/Frameworks";
				PRODUCT_NAME = "$(TARGET_NAME)";
			};
			name = Release;
		};
		0DB9096C1B9C7FF4008D5077 /* Debug */ = {
			isa = XCBuildConfiguration;
			buildSettings = {
				BUNDLE_LOADER = "$(TEST_HOST)";
				FRAMEWORK_SEARCH_PATHS = (
					"$(SDKROOT)/Developer/Library/Frameworks",
					"$(inherited)",
				);
				GCC_PREPROCESSOR_DEFINITIONS = (
					"DEBUG=1",
					"$(inherited)",
				);
				INFOPLIST_FILE = WilsonCalorTests/Info.plist;
				LD_RUNPATH_SEARCH_PATHS = "$(inherited) @executable_path/Frameworks @loader_path/Frameworks";
				PRODUCT_NAME = "$(TARGET_NAME)";
				TEST_HOST = "$(BUILT_PRODUCTS_DIR)/WilsonCalor.app/WilsonCalor";
			};
			name = Debug;
		};
		0DB9096D1B9C7FF4008D5077 /* Release */ = {
			isa = XCBuildConfiguration;
			buildSettings = {
				BUNDLE_LOADER = "$(TEST_HOST)";
				FRAMEWORK_SEARCH_PATHS = (
					"$(SDKROOT)/Developer/Library/Frameworks",
					"$(inherited)",
				);
				INFOPLIST_FILE = WilsonCalorTests/Info.plist;
				LD_RUNPATH_SEARCH_PATHS = "$(inherited) @executable_path/Frameworks @loader_path/Frameworks";
				PRODUCT_NAME = "$(TARGET_NAME)";
				TEST_HOST = "$(BUILT_PRODUCTS_DIR)/WilsonCalor.app/WilsonCalor";
			};
			name = Release;
		};
/* End XCBuildConfiguration section */

/* Begin XCConfigurationList section */
		0DB9093D1B9C7FF4008D5077 /* Build configuration list for PBXProject "WilsonCalor" */ = {
			isa = XCConfigurationList;
			buildConfigurations = (
				0DB909661B9C7FF4008D5077 /* Debug */,
				0DB909671B9C7FF4008D5077 /* Release */,
			);
			defaultConfigurationIsVisible = 0;
			defaultConfigurationName = Release;
		};
		0DB909681B9C7FF4008D5077 /* Build configuration list for PBXNativeTarget "WilsonCalor" */ = {
			isa = XCConfigurationList;
			buildConfigurations = (
				0DB909691B9C7FF4008D5077 /* Debug */,
				0DB9096A1B9C7FF4008D5077 /* Release */,
			);
			defaultConfigurationIsVisible = 0;
			defaultConfigurationName = Release;
		};
		0DB9096B1B9C7FF4008D5077 /* Build configuration list for PBXNativeTarget "WilsonCalorTests" */ = {
			isa = XCConfigurationList;
			buildConfigurations = (
				0DB9096C1B9C7FF4008D5077 /* Debug */,
				0DB9096D1B9C7FF4008D5077 /* Release */,
			);
			defaultConfigurationIsVisible = 0;
			defaultConfigurationName = Release;
		};
/* End XCConfigurationList section */
	};
	rootObject = 0DB9093A1B9C7FF4008D5077 /* Project object */;
}
